// !$*UTF8*$!
{
	archiveVersion = 1;
	classes = {
	};
	objectVersion = 50;
	objects = {

/* Begin PBXBuildFile section */
		BA63707126C3A4880054F31C /* animals.json in Resources */ = {isa = PBXBuildFile; fileRef = BA63707026C3A4880054F31C /* animals.json */; };
		BA8B62AE26C7557F001E7194 /* AnimalDetailView.swift in Sources */ = {isa = PBXBuildFile; fileRef = BA8B62AD26C7557F001E7194 /* AnimalDetailView.swift */; };
		BA8DB05726C33B3E00D9D8D4 /* zebra.mp4 in Resources */ = {isa = PBXBuildFile; fileRef = BA8DB05226C3366400D9D8D4 /* zebra.mp4 */; };
		BA8DB05826C33B4100D9D8D4 /* cheetah.mp4 in Resources */ = {isa = PBXBuildFile; fileRef = BA8DB05426C3367B00D9D8D4 /* cheetah.mp4 */; };
		BA8DB05926C33B4400D9D8D4 /* crocodile.mp4 in Resources */ = {isa = PBXBuildFile; fileRef = BA8DB05626C3367C00D9D8D4 /* crocodile.mp4 */; };
		BA8DB05A26C33B4700D9D8D4 /* elephant.mp4 in Resources */ = {isa = PBXBuildFile; fileRef = BA8DB05326C3367B00D9D8D4 /* elephant.mp4 */; };
		BA8DB05E26C3960300D9D8D4 /* VideoView.swift in Sources */ = {isa = PBXBuildFile; fileRef = BA8DB05D26C3960300D9D8D4 /* VideoView.swift */; };
		BA8DB06026C3963000D9D8D4 /* MainView.swift in Sources */ = {isa = PBXBuildFile; fileRef = BA8DB05F26C3963000D9D8D4 /* MainView.swift */; };
		BA96C8FA26C215A900F090F2 /* WildlifeApp.swift in Sources */ = {isa = PBXBuildFile; fileRef = BA96C8F926C215A900F090F2 /* WildlifeApp.swift */; };
		BA96C8FC26C215A900F090F2 /* ContentView.swift in Sources */ = {isa = PBXBuildFile; fileRef = BA96C8FB26C215A900F090F2 /* ContentView.swift */; };
		BA96C8FE26C215AB00F090F2 /* Assets.xcassets in Resources */ = {isa = PBXBuildFile; fileRef = BA96C8FD26C215AB00F090F2 /* Assets.xcassets */; };
		BA96C90126C215AB00F090F2 /* Preview Assets.xcassets in Resources */ = {isa = PBXBuildFile; fileRef = BA96C90026C215AB00F090F2 /* Preview Assets.xcassets */; };
		BA9D379726C5D40600861BD4 /* CoverImageView.swift in Sources */ = {isa = PBXBuildFile; fileRef = BA9D379626C5D40600861BD4 /* CoverImageView.swift */; };
		BA9D379A26C5D93200861BD4 /* CoverImageModel.swift in Sources */ = {isa = PBXBuildFile; fileRef = BA9D379926C5D93200861BD4 /* CoverImageModel.swift */; };
		BA9D379C26C5DA6400861BD4 /* BundleDecodable.swift in Sources */ = {isa = PBXBuildFile; fileRef = BA9D379B26C5DA6400861BD4 /* BundleDecodable.swift */; };
		BA9D37A126C6107100861BD4 /* AnimalListView.swift in Sources */ = {isa = PBXBuildFile; fileRef = BA9D37A026C6107100861BD4 /* AnimalListView.swift */; };
/* End PBXBuildFile section */

/* Begin PBXFileReference section */
		BA63707026C3A4880054F31C /* animals.json */ = {isa = PBXFileReference; fileEncoding = 4; lastKnownFileType = text.json; path = animals.json; sourceTree = "<group>"; };
		BA8B62AD26C7557F001E7194 /* AnimalDetailView.swift */ = {isa = PBXFileReference; lastKnownFileType = sourcecode.swift; path = AnimalDetailView.swift; sourceTree = "<group>"; };
		BA8DB05226C3366400D9D8D4 /* zebra.mp4 */ = {isa = PBXFileReference; lastKnownFileType = file; path = zebra.mp4; sourceTree = "<group>"; };
		BA8DB05326C3367B00D9D8D4 /* elephant.mp4 */ = {isa = PBXFileReference; lastKnownFileType = file; path = elephant.mp4; sourceTree = "<group>"; };
		BA8DB05426C3367B00D9D8D4 /* cheetah.mp4 */ = {isa = PBXFileReference; lastKnownFileType = file; path = cheetah.mp4; sourceTree = "<group>"; };
		BA8DB05626C3367C00D9D8D4 /* crocodile.mp4 */ = {isa = PBXFileReference; lastKnownFileType = file; path = crocodile.mp4; sourceTree = "<group>"; };
		BA8DB05D26C3960300D9D8D4 /* VideoView.swift */ = {isa = PBXFileReference; lastKnownFileType = sourcecode.swift; path = VideoView.swift; sourceTree = "<group>"; };
		BA8DB05F26C3963000D9D8D4 /* MainView.swift */ = {isa = PBXFileReference; lastKnownFileType = sourcecode.swift; path = MainView.swift; sourceTree = "<group>"; };
		BA96C8F626C215A900F090F2 /* Wildlife.app */ = {isa = PBXFileReference; explicitFileType = wrapper.application; includeInIndex = 0; path = Wildlife.app; sourceTree = BUILT_PRODUCTS_DIR; };
		BA96C8F926C215A900F090F2 /* WildlifeApp.swift */ = {isa = PBXFileReference; lastKnownFileType = sourcecode.swift; path = WildlifeApp.swift; sourceTree = "<group>"; };
		BA96C8FB26C215A900F090F2 /* ContentView.swift */ = {isa = PBXFileReference; lastKnownFileType = sourcecode.swift; path = ContentView.swift; sourceTree = "<group>"; };
		BA96C8FD26C215AB00F090F2 /* Assets.xcassets */ = {isa = PBXFileReference; lastKnownFileType = folder.assetcatalog; path = Assets.xcassets; sourceTree = "<group>"; };
		BA96C90026C215AB00F090F2 /* Preview Assets.xcassets */ = {isa = PBXFileReference; lastKnownFileType = folder.assetcatalog; path = "Preview Assets.xcassets"; sourceTree = "<group>"; };
		BA96C90226C215AB00F090F2 /* Info.plist */ = {isa = PBXFileReference; lastKnownFileType = text.plist.xml; path = Info.plist; sourceTree = "<group>"; };
		BA9D379626C5D40600861BD4 /* CoverImageView.swift */ = {isa = PBXFileReference; lastKnownFileType = sourcecode.swift; path = CoverImageView.swift; sourceTree = "<group>"; };
		BA9D379926C5D93200861BD4 /* CoverImageModel.swift */ = {isa = PBXFileReference; lastKnownFileType = sourcecode.swift; path = CoverImageModel.swift; sourceTree = "<group>"; };
		BA9D379B26C5DA6400861BD4 /* BundleDecodable.swift */ = {isa = PBXFileReference; lastKnownFileType = sourcecode.swift; path = BundleDecodable.swift; sourceTree = "<group>"; };
		BA9D37A026C6107100861BD4 /* AnimalListView.swift */ = {isa = PBXFileReference; lastKnownFileType = sourcecode.swift; path = AnimalListView.swift; sourceTree = "<group>"; };
/* End PBXFileReference section */

/* Begin PBXFrameworksBuildPhase section */
		BA96C8F326C215A900F090F2 /* Frameworks */ = {
			isa = PBXFrameworksBuildPhase;
			buildActionMask = 2147483647;
			files = (
			);
			runOnlyForDeploymentPostprocessing = 0;
		};
/* End PBXFrameworksBuildPhase section */

/* Begin PBXGroup section */
		BA8DB05126C3365400D9D8D4 /* Video */ = {
			isa = PBXGroup;
			children = (
				BA8DB05226C3366400D9D8D4 /* zebra.mp4 */,
				BA8DB05426C3367B00D9D8D4 /* cheetah.mp4 */,
				BA8DB05626C3367C00D9D8D4 /* crocodile.mp4 */,
				BA8DB05326C3367B00D9D8D4 /* elephant.mp4 */,
			);
			path = Video;
			sourceTree = "<group>";
		};
		BA8DB05C26C395AF00D9D8D4 /* Data */ = {
			isa = PBXGroup;
			children = (
				BA63707026C3A4880054F31C /* animals.json */,
			);
			path = Data;
			sourceTree = "<group>";
		};
		BA96C8ED26C215A900F090F2 = {
			isa = PBXGroup;
			children = (
				BA96C8F826C215A900F090F2 /* Wildlife */,
				BA96C8F726C215A900F090F2 /* Products */,
			);
			sourceTree = "<group>";
		};
		BA96C8F726C215A900F090F2 /* Products */ = {
			isa = PBXGroup;
			children = (
				BA96C8F626C215A900F090F2 /* Wildlife.app */,
			);
			name = Products;
			sourceTree = "<group>";
		};
		BA96C8F826C215A900F090F2 /* Wildlife */ = {
			isa = PBXGroup;
			children = (
				BA9D379D26C5E45E00861BD4 /* Extension */,
				BA9D379826C5D91600861BD4 /* Model */,
				BA8DB05C26C395AF00D9D8D4 /* Data */,
				BA8DB05126C3365400D9D8D4 /* Video */,
				BA96C90B26C24F4100F090F2 /* View */,
				BA96C90A26C24F3500F090F2 /* App */,
				BA96C8FD26C215AB00F090F2 /* Assets.xcassets */,
				BA96C90226C215AB00F090F2 /* Info.plist */,
				BA96C8FF26C215AB00F090F2 /* Preview Content */,
			);
			path = Wildlife;
			sourceTree = "<group>";
		};
		BA96C8FF26C215AB00F090F2 /* Preview Content */ = {
			isa = PBXGroup;
			children = (
				BA96C90026C215AB00F090F2 /* Preview Assets.xcassets */,
			);
			path = "Preview Content";
			sourceTree = "<group>";
		};
		BA96C90A26C24F3500F090F2 /* App */ = {
			isa = PBXGroup;
			children = (
				BA96C8F926C215A900F090F2 /* WildlifeApp.swift */,
				BA96C8FB26C215A900F090F2 /* ContentView.swift */,
				BA8DB05D26C3960300D9D8D4 /* VideoView.swift */,
				BA8DB05F26C3963000D9D8D4 /* MainView.swift */,
			);
			path = App;
			sourceTree = "<group>";
		};
		BA96C90B26C24F4100F090F2 /* View */ = {
			isa = PBXGroup;
			children = (
				BA9D379626C5D40600861BD4 /* CoverImageView.swift */,
				BA9D37A026C6107100861BD4 /* AnimalListView.swift */,
				BA8B62AD26C7557F001E7194 /* AnimalDetailView.swift */,
			);
			path = View;
			sourceTree = "<group>";
		};
		BA9D379826C5D91600861BD4 /* Model */ = {
			isa = PBXGroup;
			children = (
				BA9D379926C5D93200861BD4 /* CoverImageModel.swift */,
			);
			path = Model;
			sourceTree = "<group>";
		};
		BA9D379D26C5E45E00861BD4 /* Extension */ = {
			isa = PBXGroup;
			children = (
				BA9D379B26C5DA6400861BD4 /* BundleDecodable.swift */,
			);
			path = Extension;
			sourceTree = "<group>";
		};
/* End PBXGroup section */

/* Begin PBXNativeTarget section */
		BA96C8F526C215A900F090F2 /* Wildlife */ = {
			isa = PBXNativeTarget;
			buildConfigurationList = BA96C90526C215AB00F090F2 /* Build configuration list for PBXNativeTarget "Wildlife" */;
			buildPhases = (
				BA96C8F226C215A900F090F2 /* Sources */,
				BA96C8F326C215A900F090F2 /* Frameworks */,
				BA96C8F426C215A900F090F2 /* Resources */,
			);
			buildRules = (
			);
			dependencies = (
			);
			name = Wildlife;
			productName = Wildlife;
			productReference = BA96C8F626C215A900F090F2 /* Wildlife.app */;
			productType = "com.apple.product-type.application";
		};
/* End PBXNativeTarget section */

/* Begin PBXProject section */
		BA96C8EE26C215A900F090F2 /* Project object */ = {
			isa = PBXProject;
			attributes = {
				LastSwiftUpdateCheck = 1250;
				LastUpgradeCheck = 1250;
				TargetAttributes = {
					BA96C8F526C215A900F090F2 = {
						CreatedOnToolsVersion = 12.5.1;
					};
				};
			};
			buildConfigurationList = BA96C8F126C215A900F090F2 /* Build configuration list for PBXProject "Wildlife" */;
			compatibilityVersion = "Xcode 9.3";
			developmentRegion = en;
			hasScannedForEncodings = 0;
			knownRegions = (
				en,
				Base,
			);
			mainGroup = BA96C8ED26C215A900F090F2;
			productRefGroup = BA96C8F726C215A900F090F2 /* Products */;
			projectDirPath = "";
			projectRoot = "";
			targets = (
				BA96C8F526C215A900F090F2 /* Wildlife */,
			);
		};
/* End PBXProject section */

/* Begin PBXResourcesBuildPhase section */
		BA96C8F426C215A900F090F2 /* Resources */ = {
			isa = PBXResourcesBuildPhase;
			buildActionMask = 2147483647;
			files = (
				BA8DB05926C33B4400D9D8D4 /* crocodile.mp4 in Resources */,
				BA63707126C3A4880054F31C /* animals.json in Resources */,
				BA8DB05826C33B4100D9D8D4 /* cheetah.mp4 in Resources */,
				BA8DB05A26C33B4700D9D8D4 /* elephant.mp4 in Resources */,
				BA96C90126C215AB00F090F2 /* Preview Assets.xcassets in Resources */,
				BA8DB05726C33B3E00D9D8D4 /* zebra.mp4 in Resources */,
				BA96C8FE26C215AB00F090F2 /* Assets.xcassets in Resources */,
			);
			runOnlyForDeploymentPostprocessing = 0;
		};
/* End PBXResourcesBuildPhase section */

/* Begin PBXSourcesBuildPhase section */
		BA96C8F226C215A900F090F2 /* Sources */ = {
			isa = PBXSourcesBuildPhase;
			buildActionMask = 2147483647;
			files = (
				BA9D37A126C6107100861BD4 /* AnimalListView.swift in Sources */,
				BA8DB05E26C3960300D9D8D4 /* VideoView.swift in Sources */,
				BA9D379C26C5DA6400861BD4 /* BundleDecodable.swift in Sources */,
				BA9D379A26C5D93200861BD4 /* CoverImageModel.swift in Sources */,
				BA8DB06026C3963000D9D8D4 /* MainView.swift in Sources */,
				BA9D379726C5D40600861BD4 /* CoverImageView.swift in Sources */,
				BA96C8FC26C215A900F090F2 /* ContentView.swift in Sources */,
				BA96C8FA26C215A900F090F2 /* WildlifeApp.swift in Sources */,
				BA8B62AE26C7557F001E7194 /* AnimalDetailView.swift in Sources */,
			);
			runOnlyForDeploymentPostprocessing = 0;
		};
/* End PBXSourcesBuildPhase section */

/* Begin XCBuildConfiguration section */
		BA96C90326C215AB00F090F2 /* Debug */ = {
			isa = XCBuildConfiguration;
			buildSettings = {
				ALWAYS_SEARCH_USER_PATHS = NO;
				CLANG_ANALYZER_NONNULL = YES;
				CLANG_ANALYZER_NUMBER_OBJECT_CONVERSION = YES_AGGRESSIVE;
				CLANG_CXX_LANGUAGE_STANDARD = "gnu++14";
				CLANG_CXX_LIBRARY = "libc++";
				CLANG_ENABLE_MODULES = YES;
				CLANG_ENABLE_OBJC_ARC = YES;
				CLANG_ENABLE_OBJC_WEAK = YES;
				CLANG_WARN_BLOCK_CAPTURE_AUTORELEASING = YES;
				CLANG_WARN_BOOL_CONVERSION = YES;
				CLANG_WARN_COMMA = YES;
				CLANG_WARN_CONSTANT_CONVERSION = YES;
				CLANG_WARN_DEPRECATED_OBJC_IMPLEMENTATIONS = YES;
				CLANG_WARN_DIRECT_OBJC_ISA_USAGE = YES_ERROR;
				CLANG_WARN_DOCUMENTATION_COMMENTS = YES;
				CLANG_WARN_EMPTY_BODY = YES;
				CLANG_WARN_ENUM_CONVERSION = YES;
				CLANG_WARN_INFINITE_RECURSION = YES;
				CLANG_WARN_INT_CONVERSION = YES;
				CLANG_WARN_NON_LITERAL_NULL_CONVERSION = YES;
				CLANG_WARN_OBJC_IMPLICIT_RETAIN_SELF = YES;
				CLANG_WARN_OBJC_LITERAL_CONVERSION = YES;
				CLANG_WARN_OBJC_ROOT_CLASS = YES_ERROR;
				CLANG_WARN_QUOTED_INCLUDE_IN_FRAMEWORK_HEADER = YES;
				CLANG_WARN_RANGE_LOOP_ANALYSIS = YES;
				CLANG_WARN_STRICT_PROTOTYPES = YES;
				CLANG_WARN_SUSPICIOUS_MOVE = YES;
				CLANG_WARN_UNGUARDED_AVAILABILITY = YES_AGGRESSIVE;
				CLANG_WARN_UNREACHABLE_CODE = YES;
				CLANG_WARN__DUPLICATE_METHOD_MATCH = YES;
				COPY_PHASE_STRIP = NO;
				DEBUG_INFORMATION_FORMAT = dwarf;
				ENABLE_STRICT_OBJC_MSGSEND = YES;
				ENABLE_TESTABILITY = YES;
				GCC_C_LANGUAGE_STANDARD = gnu11;
				GCC_DYNAMIC_NO_PIC = NO;
				GCC_NO_COMMON_BLOCKS = YES;
				GCC_OPTIMIZATION_LEVEL = 0;
				GCC_PREPROCESSOR_DEFINITIONS = (
					"DEBUG=1",
					"$(inherited)",
				);
				GCC_WARN_64_TO_32_BIT_CONVERSION = YES;
				GCC_WARN_ABOUT_RETURN_TYPE = YES_ERROR;
				GCC_WARN_UNDECLARED_SELECTOR = YES;
				GCC_WARN_UNINITIALIZED_AUTOS = YES_AGGRESSIVE;
				GCC_WARN_UNUSED_FUNCTION = YES;
				GCC_WARN_UNUSED_VARIABLE = YES;
				IPHONEOS_DEPLOYMENT_TARGET = 14.5;
				MTL_ENABLE_DEBUG_INFO = INCLUDE_SOURCE;
				MTL_FAST_MATH = YES;
				ONLY_ACTIVE_ARCH = YES;
				SDKROOT = iphoneos;
				SWIFT_ACTIVE_COMPILATION_CONDITIONS = DEBUG;
				SWIFT_OPTIMIZATION_LEVEL = "-Onone";
			};
			name = Debug;
		};
		BA96C90426C215AB00F090F2 /* Release */ = {
			isa = XCBuildConfiguration;
			buildSettings = {
				ALWAYS_SEARCH_USER_PATHS = NO;
				CLANG_ANALYZER_NONNULL = YES;
				CLANG_ANALYZER_NUMBER_OBJECT_CONVERSION = YES_AGGRESSIVE;
				CLANG_CXX_LANGUAGE_STANDARD = "gnu++14";
				CLANG_CXX_LIBRARY = "libc++";
				CLANG_ENABLE_MODULES = YES;
				CLANG_ENABLE_OBJC_ARC = YES;
				CLANG_ENABLE_OBJC_WEAK = YES;
				CLANG_WARN_BLOCK_CAPTURE_AUTORELEASING = YES;
				CLANG_WARN_BOOL_CONVERSION = YES;
				CLANG_WARN_COMMA = YES;
				CLANG_WARN_CONSTANT_CONVERSION = YES;
				CLANG_WARN_DEPRECATED_OBJC_IMPLEMENTATIONS = YES;
				CLANG_WARN_DIRECT_OBJC_ISA_USAGE = YES_ERROR;
				CLANG_WARN_DOCUMENTATION_COMMENTS = YES;
				CLANG_WARN_EMPTY_BODY = YES;
				CLANG_WARN_ENUM_CONVERSION = YES;
				CLANG_WARN_INFINITE_RECURSION = YES;
				CLANG_WARN_INT_CONVERSION = YES;
				CLANG_WARN_NON_LITERAL_NULL_CONVERSION = YES;
				CLANG_WARN_OBJC_IMPLICIT_RETAIN_SELF = YES;
				CLANG_WARN_OBJC_LITERAL_CONVERSION = YES;
				CLANG_WARN_OBJC_ROOT_CLASS = YES_ERROR;
				CLANG_WARN_QUOTED_INCLUDE_IN_FRAMEWORK_HEADER = YES;
				CLANG_WARN_RANGE_LOOP_ANALYSIS = YES;
				CLANG_WARN_STRICT_PROTOTYPES = YES;
				CLANG_WARN_SUSPICIOUS_MOVE = YES;
				CLANG_WARN_UNGUARDED_AVAILABILITY = YES_AGGRESSIVE;
				CLANG_WARN_UNREACHABLE_CODE = YES;
				CLANG_WARN__DUPLICATE_METHOD_MATCH = YES;
				COPY_PHASE_STRIP = NO;
				DEBUG_INFORMATION_FORMAT = "dwarf-with-dsym";
				ENABLE_NS_ASSERTIONS = NO;
				ENABLE_STRICT_OBJC_MSGSEND = YES;
				GCC_C_LANGUAGE_STANDARD = gnu11;
				GCC_NO_COMMON_BLOCKS = YES;
				GCC_WARN_64_TO_32_BIT_CONVERSION = YES;
				GCC_WARN_ABOUT_RETURN_TYPE = YES_ERROR;
				GCC_WARN_UNDECLARED_SELECTOR = YES;
				GCC_WARN_UNINITIALIZED_AUTOS = YES_AGGRESSIVE;
				GCC_WARN_UNUSED_FUNCTION = YES;
				GCC_WARN_UNUSED_VARIABLE = YES;
				IPHONEOS_DEPLOYMENT_TARGET = 14.5;
				MTL_ENABLE_DEBUG_INFO = NO;
				MTL_FAST_MATH = YES;
				SDKROOT = iphoneos;
				SWIFT_COMPILATION_MODE = wholemodule;
				SWIFT_OPTIMIZATION_LEVEL = "-O";
				VALIDATE_PRODUCT = YES;
			};
			name = Release;
		};
		BA96C90626C215AB00F090F2 /* Debug */ = {
			isa = XCBuildConfiguration;
			buildSettings = {
				ASSETCATALOG_COMPILER_APPICON_NAME = AppIcon;
				ASSETCATALOG_COMPILER_GLOBAL_ACCENT_COLOR_NAME = AccentColor;
				CODE_SIGN_STYLE = Automatic;
				DEVELOPMENT_ASSET_PATHS = "\"Wildlife/Preview Content\"";
				ENABLE_PREVIEWS = YES;
				INFOPLIST_FILE = Wildlife/Info.plist;
				IPHONEOS_DEPLOYMENT_TARGET = 14.0;
				LD_RUNPATH_SEARCH_PATHS = (
					"$(inherited)",
					"@executable_path/Frameworks",
				);
				PRODUCT_BUNDLE_IDENTIFIER = com.ruchirelukurthy.Wildlife;
				PRODUCT_NAME = "$(TARGET_NAME)";
				SWIFT_VERSION = 5.0;
				TARGETED_DEVICE_FAMILY = "1,2";
			};
			name = Debug;
		};
		BA96C90726C215AB00F090F2 /* Release */ = {
			isa = XCBuildConfiguration;
			buildSettings = {
				ASSETCATALOG_COMPILER_APPICON_NAME = AppIcon;
				ASSETCATALOG_COMPILER_GLOBAL_ACCENT_COLOR_NAME = AccentColor;
				CODE_SIGN_STYLE = Automatic;
				DEVELOPMENT_ASSET_PATHS = "\"Wildlife/Preview Content\"";
				ENABLE_PREVIEWS = YES;
				INFOPLIST_FILE = Wildlife/Info.plist;
				IPHONEOS_DEPLOYMENT_TARGET = 14.0;
				LD_RUNPATH_SEARCH_PATHS = (
					"$(inherited)",
					"@executable_path/Frameworks",
				);
				PRODUCT_BUNDLE_IDENTIFIER = com.ruchirelukurthy.Wildlife;
				PRODUCT_NAME = "$(TARGET_NAME)";
				SWIFT_VERSION = 5.0;
				TARGETED_DEVICE_FAMILY = "1,2";
			};
			name = Release;
		};
/* End XCBuildConfiguration section */

/* Begin XCConfigurationList section */
		BA96C8F126C215A900F090F2 /* Build configuration list for PBXProject "Wildlife" */ = {
			isa = XCConfigurationList;
			buildConfigurations = (
				BA96C90326C215AB00F090F2 /* Debug */,
				BA96C90426C215AB00F090F2 /* Release */,
			);
			defaultConfigurationIsVisible = 0;
			defaultConfigurationName = Release;
		};
		BA96C90526C215AB00F090F2 /* Build configuration list for PBXNativeTarget "Wildlife" */ = {
			isa = XCConfigurationList;
			buildConfigurations = (
				BA96C90626C215AB00F090F2 /* Debug */,
				BA96C90726C215AB00F090F2 /* Release */,
			);
			defaultConfigurationIsVisible = 0;
			defaultConfigurationName = Release;
		};
/* End XCConfigurationList section */
	};
	rootObject = BA96C8EE26C215A900F090F2 /* Project object */;
}
